
Microsoft Visual Studio Solution File, Format Version 12.00
# Visual Studio 2013
VisualStudioVersion = 12.0.21005.1
MinimumVisualStudioVersion = 10.0.40219.1
Project("{FAE04EC0-301F-11D3-BF4B-00C04F79EFBC}") = "RihnoMockSimpleTests", "RihnoMockSimpleTests\RihnoMockSimpleTests.csproj", "{8A60D5E8-5EE4-4B32-A060-CD6DCEB70DB3}"
EndProject
Project("{2150E333-8FDC-42A3-9474-1A3956D46DE8}") = ".nuget", ".nuget", "{20A863B0-F51E-43A9-8DBA-77F8D8B33C32}"
	ProjectSection(SolutionItems) = preProject
		.nuget\packages.config = .nuget\packages.config
	EndProjectSection
EndProject
Project("{FAE04EC0-301F-11D3-BF4B-00C04F79EFBC}") = "SimpleLogic", "SimpleLogic\SimpleLogic.csproj", "{83ACF48E-6016-4496-B8A9-63E85557A408}"
EndProject
Global
	GlobalSection(SolutionConfigurationPlatforms) = preSolution
		Debug|Any CPU = Debug|Any CPU
		Release|Any CPU = Release|Any CPU
	EndGlobalSection
	GlobalSection(ProjectConfigurationPlatforms) = postSolution
		{8A60D5E8-5EE4-4B32-A060-CD6DCEB70DB3}.Debug|Any CPU.ActiveCfg = Debug|Any CPU
		{8A60D5E8-5EE4-4B32-A060-CD6DCEB70DB3}.Debug|Any CPU.Build.0 = Debug|Any CPU
		{8A60D5E8-5EE4-4B32-A060-CD6DCEB70DB3}.Release|Any CPU.ActiveCfg = Release|Any CPU
		{8A60D5E8-5EE4-4B32-A060-CD6DCEB70DB3}.Release|Any CPU.Build.0 = Release|Any CPU
		{83ACF48E-6016-4496-B8A9-63E85557A408}.Debug|Any CPU.ActiveCfg = Debug|Any CPU
		{83ACF48E-6016-4496-B8A9-63E85557A408}.Debug|Any CPU.Build.0 = Debug|Any CPU
		{83ACF48E-6016-4496-B8A9-63E85557A408}.Release|Any CPU.ActiveCfg = Release|Any CPU
		{83ACF48E-6016-4496-B8A9-63E85557A408}.Release|Any CPU.Build.0 = Release|Any CPU
	EndGlobalSection
	GlobalSection(SolutionProperties) = preSolution
		HideSolutionNode = FALSE
	EndGlobalSection
EndGlobal
